
Microsoft Visual Studio Solution File, Format Version 12.00
# Visual Studio Version 16
VisualStudioVersion = 16.0.29709.97
MinimumVisualStudioVersion = 10.0.40219.1
Project("{9A19103F-16F7-4668-BE54-9A1E7A4F7556}") = "LegsandRegsCS", "LegsandRegsCS\LegsandRegsCS.csproj", "{008FF47B-ECB8-490D-8C80-0BC8A4E5C448}"
EndProject
Global
	GlobalSection(SolutionConfigurationPlatforms) = preSolution
		Debug|Any CPU = Debug|Any CPU
		Release|Any CPU = Release|Any CPU
	EndGlobalSection
	GlobalSection(ProjectConfigurationPlatforms) = postSolution
		{008FF47B-ECB8-490D-8C80-0BC8A4E5C448}.Debug|Any CPU.ActiveCfg = Debug|Any CPU
		{008FF47B-ECB8-490D-8C80-0BC8A4E5C448}.Debug|Any CPU.Build.0 = Debug|Any CPU
		{008FF47B-ECB8-490D-8C80-0BC8A4E5C448}.Release|Any CPU.ActiveCfg = Release|Any CPU
		{008FF47B-ECB8-490D-8C80-0BC8A4E5C448}.Release|Any CPU.Build.0 = Release|Any CPU
	EndGlobalSection
	GlobalSection(SolutionProperties) = preSolution
		HideSolutionNode = FALSE
	EndGlobalSection
	GlobalSection(ExtensibilityGlobals) = postSolution
		SolutionGuid = {FA363898-15EE-4CB8-B839-D1B00912AD21}
	EndGlobalSection
EndGlobal
